// !$*UTF8*$!
{
	archiveVersion = 1;
	classes = {
	};
	objectVersion = 50;
	objects = {

/* Begin PBXBuildFile section */
		C46E38D125E8EC6100459782 /* AppDelegate.m in Sources */ = {isa = PBXBuildFile; fileRef = C46E38D025E8EC6100459782 /* AppDelegate.m */; };
		C46E38D425E8EC6100459782 /* SceneDelegate.m in Sources */ = {isa = PBXBuildFile; fileRef = C46E38D325E8EC6100459782 /* SceneDelegate.m */; };
		C46E38D725E8EC6100459782 /* ViewController.m in Sources */ = {isa = PBXBuildFile; fileRef = C46E38D625E8EC6100459782 /* ViewController.m */; };
		C46E38DA25E8EC6100459782 /* Main.storyboard in Resources */ = {isa = PBXBuildFile; fileRef = C46E38D825E8EC6100459782 /* Main.storyboard */; };
		C46E38DC25E8EC6300459782 /* Assets.xcassets in Resources */ = {isa = PBXBuildFile; fileRef = C46E38DB25E8EC6300459782 /* Assets.xcassets */; };
		C46E38DF25E8EC6300459782 /* LaunchScreen.storyboard in Resources */ = {isa = PBXBuildFile; fileRef = C46E38DD25E8EC6300459782 /* LaunchScreen.storyboard */; };
		C46E38E225E8EC6300459782 /* main.m in Sources */ = {isa = PBXBuildFile; fileRef = C46E38E125E8EC6300459782 /* main.m */; };
		C46E38EC25E8ECA000459782 /* TimerProxys.m in Sources */ = {isa = PBXBuildFile; fileRef = C46E38EB25E8ECA000459782 /* TimerProxys.m */; };
		C46E38F025E8ECA600459782 /* TimerProxy.m in Sources */ = {isa = PBXBuildFile; fileRef = C46E38EF25E8ECA600459782 /* TimerProxy.m */; };
/* End PBXBuildFile section */

/* Begin PBXFileReference section */
		C46E38CC25E8EC6100459782 /* Timer-循环引用解决.app */ = {isa = PBXFileReference; explicitFileType = wrapper.application; includeInIndex = 0; path = "Timer-循环引用解决.app"; sourceTree = BUILT_PRODUCTS_DIR; };
		C46E38CF25E8EC6100459782 /* AppDelegate.h */ = {isa = PBXFileReference; lastKnownFileType = sourcecode.c.h; path = AppDelegate.h; sourceTree = "<group>"; };
		C46E38D025E8EC6100459782 /* AppDelegate.m */ = {isa = PBXFileReference; lastKnownFileType = sourcecode.c.objc; path = AppDelegate.m; sourceTree = "<group>"; };
		C46E38D225E8EC6100459782 /* SceneDelegate.h */ = {isa = PBXFileReference; lastKnownFileType = sourcecode.c.h; path = SceneDelegate.h; sourceTree = "<group>"; };
		C46E38D325E8EC6100459782 /* SceneDelegate.m */ = {isa = PBXFileReference; lastKnownFileType = sourcecode.c.objc; path = SceneDelegate.m; sourceTree = "<group>"; };
		C46E38D525E8EC6100459782 /* ViewController.h */ = {isa = PBXFileReference; lastKnownFileType = sourcecode.c.h; path = ViewController.h; sourceTree = "<group>"; };
		C46E38D625E8EC6100459782 /* ViewController.m */ = {isa = PBXFileReference; lastKnownFileType = sourcecode.c.objc; path = ViewController.m; sourceTree = "<group>"; };
		C46E38D925E8EC6100459782 /* Base */ = {isa = PBXFileReference; lastKnownFileType = file.storyboard; name = Base; path = Base.lproj/Main.storyboard; sourceTree = "<group>"; };
		C46E38DB25E8EC6300459782 /* Assets.xcassets */ = {isa = PBXFileReference; lastKnownFileType = folder.assetcatalog; path = Assets.xcassets; sourceTree = "<group>"; };
		C46E38DE25E8EC6300459782 /* Base */ = {isa = PBXFileReference; lastKnownFileType = file.storyboard; name = Base; path = Base.lproj/LaunchScreen.storyboard; sourceTree = "<group>"; };
		C46E38E025E8EC6300459782 /* Info.plist */ = {isa = PBXFileReference; lastKnownFileType = text.plist.xml; path = Info.plist; sourceTree = "<group>"; };
		C46E38E125E8EC6300459782 /* main.m */ = {isa = PBXFileReference; lastKnownFileType = sourcecode.c.objc; path = main.m; sourceTree = "<group>"; };
		C46E38EA25E8ECA000459782 /* TimerProxys.h */ = {isa = PBXFileReference; fileEncoding = 4; lastKnownFileType = sourcecode.c.h; path = TimerProxys.h; sourceTree = "<group>"; };
		C46E38EB25E8ECA000459782 /* TimerProxys.m */ = {isa = PBXFileReference; fileEncoding = 4; lastKnownFileType = sourcecode.c.objc; path = TimerProxys.m; sourceTree = "<group>"; };
		C46E38EE25E8ECA600459782 /* TimerProxy.h */ = {isa = PBXFileReference; fileEncoding = 4; lastKnownFileType = sourcecode.c.h; path = TimerProxy.h; sourceTree = "<group>"; };
		C46E38EF25E8ECA600459782 /* TimerProxy.m */ = {isa = PBXFileReference; fileEncoding = 4; lastKnownFileType = sourcecode.c.objc; path = TimerProxy.m; sourceTree = "<group>"; };
/* End PBXFileReference section */

/* Begin PBXFrameworksBuildPhase section */
		C46E38C925E8EC6100459782 /* Frameworks */ = {
			isa = PBXFrameworksBuildPhase;
			buildActionMask = 2147483647;
			files = (
			);
			runOnlyForDeploymentPostprocessing = 0;
		};
/* End PBXFrameworksBuildPhase section */

/* Begin PBXGroup section */
		C46E38C325E8EC6100459782 = {
			isa = PBXGroup;
			children = (
				C46E38CE25E8EC6100459782 /* Timer-循环引用解决 */,
				C46E38CD25E8EC6100459782 /* Products */,
			);
			sourceTree = "<group>";
		};
		C46E38CD25E8EC6100459782 /* Products */ = {
			isa = PBXGroup;
			children = (
				C46E38CC25E8EC6100459782 /* Timer-循环引用解决.app */,
			);
			name = Products;
			sourceTree = "<group>";
		};
		C46E38CE25E8EC6100459782 /* Timer-循环引用解决 */ = {
			isa = PBXGroup;
			children = (
				C46E38CF25E8EC6100459782 /* AppDelegate.h */,
				C46E38D025E8EC6100459782 /* AppDelegate.m */,
				C46E38D225E8EC6100459782 /* SceneDelegate.h */,
				C46E38D325E8EC6100459782 /* SceneDelegate.m */,
				C46E38D525E8EC6100459782 /* ViewController.h */,
				C46E38D625E8EC6100459782 /* ViewController.m */,
				C46E38EE25E8ECA600459782 /* TimerProxy.h */,
				C46E38EF25E8ECA600459782 /* TimerProxy.m */,
				C46E38EA25E8ECA000459782 /* TimerProxys.h */,
				C46E38EB25E8ECA000459782 /* TimerProxys.m */,
				C46E38D825E8EC6100459782 /* Main.storyboard */,
				C46E38DB25E8EC6300459782 /* Assets.xcassets */,
				C46E38DD25E8EC6300459782 /* LaunchScreen.storyboard */,
				C46E38E025E8EC6300459782 /* Info.plist */,
				C46E38E125E8EC6300459782 /* main.m */,
			);
			path = "Timer-循环引用解决";
			sourceTree = "<group>";
		};
/* End PBXGroup section */

/* Begin PBXNativeTarget section */
		C46E38CB25E8EC6100459782 /* Timer-循环引用解决 */ = {
			isa = PBXNativeTarget;
			buildConfigurationList = C46E38E525E8EC6300459782 /* Build configuration list for PBXNativeTarget "Timer-循环引用解决" */;
			buildPhases = (
				C46E38C825E8EC6100459782 /* Sources */,
				C46E38C925E8EC6100459782 /* Frameworks */,
				C46E38CA25E8EC6100459782 /* Resources */,
			);
			buildRules = (
			);
			dependencies = (
			);
			name = "Timer-循环引用解决";
			productName = "Timer-循环引用解决";
			productReference = C46E38CC25E8EC6100459782 /* Timer-循环引用解决.app */;
			productType = "com.apple.product-type.application";
		};
/* End PBXNativeTarget section */

/* Begin PBXProject section */
		C46E38C425E8EC6100459782 /* Project object */ = {
			isa = PBXProject;
			attributes = {
				LastUpgradeCheck = 1240;
				TargetAttributes = {
					C46E38CB25E8EC6100459782 = {
						CreatedOnToolsVersion = 12.4;
					};
				};
			};
			buildConfigurationList = C46E38C725E8EC6100459782 /* Build configuration list for PBXProject "Timer-循环引用解决" */;
			compatibilityVersion = "Xcode 9.3";
			developmentRegion = en;
			hasScannedForEncodings = 0;
			knownRegions = (
				en,
				Base,
			);
			mainGroup = C46E38C325E8EC6100459782;
			productRefGroup = C46E38CD25E8EC6100459782 /* Products */;
			projectDirPath = "";
			projectRoot = "";
			targets = (
				C46E38CB25E8EC6100459782 /* Timer-循环引用解决 */,
			);
		};
/* End PBXProject section */

/* Begin PBXResourcesBuildPhase section */
		C46E38CA25E8EC6100459782 /* Resources */ = {
			isa = PBXResourcesBuildPhase;
			buildActionMask = 2147483647;
			files = (
				C46E38DF25E8EC6300459782 /* LaunchScreen.storyboard in Resources */,
				C46E38DC25E8EC6300459782 /* Assets.xcassets in Resources */,
				C46E38DA25E8EC6100459782 /* Main.storyboard in Resources */,
			);
			runOnlyForDeploymentPostprocessing = 0;
		};
/* End PBXResourcesBuildPhase section */

/* Begin PBXSourcesBuildPhase section */
		C46E38C825E8EC6100459782 /* Sources */ = {
			isa = PBXSourcesBuildPhase;
			buildActionMask = 2147483647;
			files = (
				C46E38F025E8ECA600459782 /* TimerProxy.m in Sources */,
				C46E38EC25E8ECA000459782 /* TimerProxys.m in Sources */,
				C46E38D725E8EC6100459782 /* ViewController.m in Sources */,
				C46E38D125E8EC6100459782 /* AppDelegate.m in Sources */,
				C46E38E225E8EC6300459782 /* main.m in Sources */,
				C46E38D425E8EC6100459782 /* SceneDelegate.m in Sources */,
			);
			runOnlyForDeploymentPostprocessing = 0;
		};
/* End PBXSourcesBuildPhase section */

/* Begin PBXVariantGroup section */
		C46E38D825E8EC6100459782 /* Main.storyboard */ = {
			isa = PBXVariantGroup;
			children = (
				C46E38D925E8EC6100459782 /* Base */,
			);
			name = Main.storyboard;
			sourceTree = "<group>";
		};
		C46E38DD25E8EC6300459782 /* LaunchScreen.storyboard */ = {
			isa = PBXVariantGroup;
			children = (
				C46E38DE25E8EC6300459782 /* Base */,
			);
			name = LaunchScreen.storyboard;
			sourceTree = "<group>";
		};
/* End PBXVariantGroup section */

/* Begin XCBuildConfiguration section */
		C46E38E325E8EC6300459782 /* Debug */ = {
			isa = XCBuildConfiguration;
			buildSettings = {
				ALWAYS_SEARCH_USER_PATHS = NO;
				CLANG_ANALYZER_NONNULL = YES;
				CLANG_ANALYZER_NUMBER_OBJECT_CONVERSION = YES_AGGRESSIVE;
				CLANG_CXX_LANGUAGE_STANDARD = "gnu++14";
				CLANG_CXX_LIBRARY = "libc++";
				CLANG_ENABLE_MODULES = YES;
				CLANG_ENABLE_OBJC_ARC = YES;
				CLANG_ENABLE_OBJC_WEAK = YES;
				CLANG_WARN_BLOCK_CAPTURE_AUTORELEASING = YES;
				CLANG_WARN_BOOL_CONVERSION = YES;
				CLANG_WARN_COMMA = YES;
				CLANG_WARN_CONSTANT_CONVERSION = YES;
				CLANG_WARN_DEPRECATED_OBJC_IMPLEMENTATIONS = YES;
				CLANG_WARN_DIRECT_OBJC_ISA_USAGE = YES_ERROR;
				CLANG_WARN_DOCUMENTATION_COMMENTS = YES;
				CLANG_WARN_EMPTY_BODY = YES;
				CLANG_WARN_ENUM_CONVERSION = YES;
				CLANG_WARN_INFINITE_RECURSION = YES;
				CLANG_WARN_INT_CONVERSION = YES;
				CLANG_WARN_NON_LITERAL_NULL_CONVERSION = YES;
				CLANG_WARN_OBJC_IMPLICIT_RETAIN_SELF = YES;
				CLANG_WARN_OBJC_LITERAL_CONVERSION = YES;
				CLANG_WARN_OBJC_ROOT_CLASS = YES_ERROR;
				CLANG_WARN_QUOTED_INCLUDE_IN_FRAMEWORK_HEADER = YES;
				CLANG_WARN_RANGE_LOOP_ANALYSIS = YES;
				CLANG_WARN_STRICT_PROTOTYPES = YES;
				CLANG_WARN_SUSPICIOUS_MOVE = YES;
				CLANG_WARN_UNGUARDED_AVAILABILITY = YES_AGGRESSIVE;
				CLANG_WARN_UNREACHABLE_CODE = YES;
				CLANG_WARN__DUPLICATE_METHOD_MATCH = YES;
				COPY_PHASE_STRIP = NO;
				DEBUG_INFORMATION_FORMAT = dwarf;
				ENABLE_STRICT_OBJC_MSGSEND = YES;
				ENABLE_TESTABILITY = YES;
				GCC_C_LANGUAGE_STANDARD = gnu11;
				GCC_DYNAMIC_NO_PIC = NO;
				GCC_NO_COMMON_BLOCKS = YES;
				GCC_OPTIMIZATION_LEVEL = 0;
				GCC_PREPROCESSOR_DEFINITIONS = (
					"DEBUG=1",
					"$(inherited)",
				);
				GCC_WARN_64_TO_32_BIT_CONVERSION = YES;
				GCC_WARN_ABOUT_RETURN_TYPE = YES_ERROR;
				GCC_WARN_UNDECLARED_SELECTOR = YES;
				GCC_WARN_UNINITIALIZED_AUTOS = YES_AGGRESSIVE;
				GCC_WARN_UNUSED_FUNCTION = YES;
				GCC_WARN_UNUSED_VARIABLE = YES;
				IPHONEOS_DEPLOYMENT_TARGET = 14.4;
				MTL_ENABLE_DEBUG_INFO = INCLUDE_SOURCE;
				MTL_FAST_MATH = YES;
				ONLY_ACTIVE_ARCH = YES;
				SDKROOT = iphoneos;
			};
			name = Debug;
		};
		C46E38E425E8EC6300459782 /* Release */ = {
			isa = XCBuildConfiguration;
			buildSettings = {
				ALWAYS_SEARCH_USER_PATHS = NO;
				CLANG_ANALYZER_NONNULL = YES;
				CLANG_ANALYZER_NUMBER_OBJECT_CONVERSION = YES_AGGRESSIVE;
				CLANG_CXX_LANGUAGE_STANDARD = "gnu++14";
				CLANG_CXX_LIBRARY = "libc++";
				CLANG_ENABLE_MODULES = YES;
				CLANG_ENABLE_OBJC_ARC = YES;
				CLANG_ENABLE_OBJC_WEAK = YES;
				CLANG_WARN_BLOCK_CAPTURE_AUTORELEASING = YES;
				CLANG_WARN_BOOL_CONVERSION = YES;
				CLANG_WARN_COMMA = YES;
				CLANG_WARN_CONSTANT_CONVERSION = YES;
				CLANG_WARN_DEPRECATED_OBJC_IMPLEMENTATIONS = YES;
				CLANG_WARN_DIRECT_OBJC_ISA_USAGE = YES_ERROR;
				CLANG_WARN_DOCUMENTATION_COMMENTS = YES;
				CLANG_WARN_EMPTY_BODY = YES;
				CLANG_WARN_ENUM_CONVERSION = YES;
				CLANG_WARN_INFINITE_RECURSION = YES;
				CLANG_WARN_INT_CONVERSION = YES;
				CLANG_WARN_NON_LITERAL_NULL_CONVERSION = YES;
				CLANG_WARN_OBJC_IMPLICIT_RETAIN_SELF = YES;
				CLANG_WARN_OBJC_LITERAL_CONVERSION = YES;
				CLANG_WARN_OBJC_ROOT_CLASS = YES_ERROR;
				CLANG_WARN_QUOTED_INCLUDE_IN_FRAMEWORK_HEADER = YES;
				CLANG_WARN_RANGE_LOOP_ANALYSIS = YES;
				CLANG_WARN_STRICT_PROTOTYPES = YES;
				CLANG_WARN_SUSPICIOUS_MOVE = YES;
				CLANG_WARN_UNGUARDED_AVAILABILITY = YES_AGGRESSIVE;
				CLANG_WARN_UNREACHABLE_CODE = YES;
				CLANG_WARN__DUPLICATE_METHOD_MATCH = YES;
				COPY_PHASE_STRIP = NO;
				DEBUG_INFORMATION_FORMAT = "dwarf-with-dsym";
				ENABLE_NS_ASSERTIONS = NO;
				ENABLE_STRICT_OBJC_MSGSEND = YES;
				GCC_C_LANGUAGE_STANDARD = gnu11;
				GCC_NO_COMMON_BLOCKS = YES;
				GCC_WARN_64_TO_32_BIT_CONVERSION = YES;
				GCC_WARN_ABOUT_RETURN_TYPE = YES_ERROR;
				GCC_WARN_UNDECLARED_SELECTOR = YES;
				GCC_WARN_UNINITIALIZED_AUTOS = YES_AGGRESSIVE;
				GCC_WARN_UNUSED_FUNCTION = YES;
				GCC_WARN_UNUSED_VARIABLE = YES;
				IPHONEOS_DEPLOYMENT_TARGET = 14.4;
				MTL_ENABLE_DEBUG_INFO = NO;
				MTL_FAST_MATH = YES;
				SDKROOT = iphoneos;
				VALIDATE_PRODUCT = YES;
			};
			name = Release;
		};
		C46E38E625E8EC6300459782 /* Debug */ = {
			isa = XCBuildConfiguration;
			buildSettings = {
				ASSETCATALOG_COMPILER_APPICON_NAME = AppIcon;
				ASSETCATALOG_COMPILER_GLOBAL_ACCENT_COLOR_NAME = AccentColor;
				CODE_SIGN_STYLE = Automatic;
				DEVELOPMENT_TEAM = P434QUZTFY;
				INFOPLIST_FILE = "Timer-循环引用解决/Info.plist";
				LD_RUNPATH_SEARCH_PATHS = (
					"$(inherited)",
					"@executable_path/Frameworks",
				);
				PRODUCT_BUNDLE_IDENTIFIER = "LLProject.Timer-------";
				PRODUCT_NAME = "$(TARGET_NAME)";
				TARGETED_DEVICE_FAMILY = "1,2";
			};
			name = Debug;
		};
		C46E38E725E8EC6300459782 /* Release */ = {
			isa = XCBuildConfiguration;
			buildSettings = {
				ASSETCATALOG_COMPILER_APPICON_NAME = AppIcon;
				ASSETCATALOG_COMPILER_GLOBAL_ACCENT_COLOR_NAME = AccentColor;
				CODE_SIGN_STYLE = Automatic;
				DEVELOPMENT_TEAM = P434QUZTFY;
				INFOPLIST_FILE = "Timer-循环引用解决/Info.plist";
				LD_RUNPATH_SEARCH_PATHS = (
					"$(inherited)",
					"@executable_path/Frameworks",
				);
				PRODUCT_BUNDLE_IDENTIFIER = "LLProject.Timer-------";
				PRODUCT_NAME = "$(TARGET_NAME)";
				TARGETED_DEVICE_FAMILY = "1,2";
			};
			name = Release;
		};
/* End XCBuildConfiguration section */

/* Begin XCConfigurationList section */
		C46E38C725E8EC6100459782 /* Build configuration list for PBXProject "Timer-循环引用解决" */ = {
			isa = XCConfigurationList;
			buildConfigurations = (
				C46E38E325E8EC6300459782 /* Debug */,
				C46E38E425E8EC6300459782 /* Release */,
			);
			defaultConfigurationIsVisible = 0;
			defaultConfigurationName = Release;
		};
		C46E38E525E8EC6300459782 /* Build configuration list for PBXNativeTarget "Timer-循环引用解决" */ = {
			isa = XCConfigurationList;
			buildConfigurations = (
				C46E38E625E8EC6300459782 /* Debug */,
				C46E38E725E8EC6300459782 /* Release */,
			);
			defaultConfigurationIsVisible = 0;
			defaultConfigurationName = Release;
		};
/* End XCConfigurationList section */
	};
	rootObject = C46E38C425E8EC6100459782 /* Project object */;
}
